// !$*UTF8*$!
{
	archiveVersion = 1;
	classes = {
	};
	objectVersion = 46;
	objects = {

/* Begin PBXBuildFile section */
		937211361DBCE5B600631436 /* main.m in Sources */ = {isa = PBXBuildFile; fileRef = 937211351DBCE5B600631436 /* main.m */; };
		937211391DBCE5B600631436 /* AppDelegate.m in Sources */ = {isa = PBXBuildFile; fileRef = 937211381DBCE5B600631436 /* AppDelegate.m */; };
		9372113C1DBCE5B600631436 /* ViewController.m in Sources */ = {isa = PBXBuildFile; fileRef = 9372113B1DBCE5B600631436 /* ViewController.m */; };
		9372113F1DBCE5B600631436 /* Main.storyboard in Resources */ = {isa = PBXBuildFile; fileRef = 9372113D1DBCE5B600631436 /* Main.storyboard */; };
		937211411DBCE5B600631436 /* Assets.xcassets in Resources */ = {isa = PBXBuildFile; fileRef = 937211401DBCE5B600631436 /* Assets.xcassets */; };
		937211441DBCE5B600631436 /* LaunchScreen.storyboard in Resources */ = {isa = PBXBuildFile; fileRef = 937211421DBCE5B600631436 /* LaunchScreen.storyboard */; };
/* End PBXBuildFile section */

/* Begin PBXFileReference section */
		937211311DBCE5B600631436 /* chongtu.app */ = {isa = PBXFileReference; explicitFileType = wrapper.application; includeInIndex = 0; path = chongtu.app; sourceTree = BUILT_PRODUCTS_DIR; };
		937211351DBCE5B600631436 /* main.m */ = {isa = PBXFileReference; lastKnownFileType = sourcecode.c.objc; path = main.m; sourceTree = "<group>"; };
		937211371DBCE5B600631436 /* AppDelegate.h */ = {isa = PBXFileReference; lastKnownFileType = sourcecode.c.h; path = AppDelegate.h; sourceTree = "<group>"; };
		937211381DBCE5B600631436 /* AppDelegate.m */ = {isa = PBXFileReference; lastKnownFileType = sourcecode.c.objc; path = AppDelegate.m; sourceTree = "<group>"; };
		9372113A1DBCE5B600631436 /* ViewController.h */ = {isa = PBXFileReference; lastKnownFileType = sourcecode.c.h; path = ViewController.h; sourceTree = "<group>"; };
		9372113B1DBCE5B600631436 /* ViewController.m */ = {isa = PBXFileReference; lastKnownFileType = sourcecode.c.objc; path = ViewController.m; sourceTree = "<group>"; };
		9372113E1DBCE5B600631436 /* Base */ = {isa = PBXFileReference; lastKnownFileType = file.storyboard; name = Base; path = Base.lproj/Main.storyboard; sourceTree = "<group>"; };
		937211401DBCE5B600631436 /* Assets.xcassets */ = {isa = PBXFileReference; lastKnownFileType = folder.assetcatalog; path = Assets.xcassets; sourceTree = "<group>"; };
		937211431DBCE5B600631436 /* Base */ = {isa = PBXFileReference; lastKnownFileType = file.storyboard; name = Base; path = Base.lproj/LaunchScreen.storyboard; sourceTree = "<group>"; };
		937211451DBCE5B600631436 /* Info.plist */ = {isa = PBXFileReference; lastKnownFileType = text.plist.xml; path = Info.plist; sourceTree = "<group>"; };
/* End PBXFileReference section */

/* Begin PBXFrameworksBuildPhase section */
		9372112E1DBCE5B600631436 /* Frameworks */ = {
			isa = PBXFrameworksBuildPhase;
			buildActionMask = 2147483647;
			files = (
			);
			runOnlyForDeploymentPostprocessing = 0;
		};
/* End PBXFrameworksBuildPhase section */

/* Begin PBXGroup section */
		937211281DBCE5B600631436 = {
			isa = PBXGroup;
			children = (
				937211331DBCE5B600631436 /* chongtu */,
				937211321DBCE5B600631436 /* Products */,
			);
			sourceTree = "<group>";
		};
		937211321DBCE5B600631436 /* Products */ = {
			isa = PBXGroup;
			children = (
				937211311DBCE5B600631436 /* chongtu.app */,
			);
			name = Products;
			sourceTree = "<group>";
		};
		937211331DBCE5B600631436 /* chongtu */ = {
			isa = PBXGroup;
			children = (
				937211371DBCE5B600631436 /* AppDelegate.h */,
				937211381DBCE5B600631436 /* AppDelegate.m */,
				9372113A1DBCE5B600631436 /* ViewController.h */,
				9372113B1DBCE5B600631436 /* ViewController.m */,
				9372114F1DBCEC4F00631436 /* Home */,
				9372113D1DBCE5B600631436 /* Main.storyboard */,
				937211401DBCE5B600631436 /* Assets.xcassets */,
				937211421DBCE5B600631436 /* LaunchScreen.storyboard */,
				937211451DBCE5B600631436 /* Info.plist */,
				937211341DBCE5B600631436 /* Supporting Files */,
			);
			path = chongtu;
			sourceTree = "<group>";
		};
		937211341DBCE5B600631436 /* Supporting Files */ = {
			isa = PBXGroup;
			children = (
				937211351DBCE5B600631436 /* main.m */,
			);
			name = "Supporting Files";
			sourceTree = "<group>";
		};
		9372114F1DBCEC4F00631436 /* Home */ = {
			isa = PBXGroup;
			children = (
				937211501DBCEC4F00631436 /* Controllers */,
				937211511DBCEC4F00631436 /* Model */,
				937211521DBCEC4F00631436 /* View */,
			);
			path = Home;
			sourceTree = "<group>";
		};
		937211501DBCEC4F00631436 /* Controllers */ = {
			isa = PBXGroup;
			children = (
			);
			path = Controllers;
			sourceTree = "<group>";
		};
		937211511DBCEC4F00631436 /* Model */ = {
			isa = PBXGroup;
			children = (
			);
			path = Model;
			sourceTree = "<group>";
		};
		937211521DBCEC4F00631436 /* View */ = {
			isa = PBXGroup;
			children = (
			);
			path = View;
			sourceTree = "<group>";
		};
/* End PBXGroup section */

/* Begin PBXNativeTarget section */
		937211301DBCE5B600631436 /* chongtu */ = {
			isa = PBXNativeTarget;
			buildConfigurationList = 937211481DBCE5B600631436 /* Build configuration list for PBXNativeTarget "chongtu" */;
			buildPhases = (
				9372112D1DBCE5B600631436 /* Sources */,
				9372112E1DBCE5B600631436 /* Frameworks */,
				9372112F1DBCE5B600631436 /* Resources */,
			);
			buildRules = (
			);
			dependencies = (
			);
			name = chongtu;
			productName = chongtu;
			productReference = 937211311DBCE5B600631436 /* chongtu.app */;
			productType = "com.apple.product-type.application";
		};
/* End PBXNativeTarget section */

/* Begin PBXProject section */
		937211291DBCE5B600631436 /* Project object */ = {
			isa = PBXProject;
			attributes = {
				LastUpgradeCheck = 0800;
				ORGANIZATIONNAME = ru;
				TargetAttributes = {
					937211301DBCE5B600631436 = {
						CreatedOnToolsVersion = 8.0;
						ProvisioningStyle = Automatic;
					};
				};
			};
			buildConfigurationList = 9372112C1DBCE5B600631436 /* Build configuration list for PBXProject "chongtu" */;
			compatibilityVersion = "Xcode 3.2";
			developmentRegion = English;
			hasScannedForEncodings = 0;
			knownRegions = (
				en,
				Base,
			);
			mainGroup = 937211281DBCE5B600631436;
			productRefGroup = 937211321DBCE5B600631436 /* Products */;
			projectDirPath = "";
			projectRoot = "";
			targets = (
				937211301DBCE5B600631436 /* chongtu */,
			);
		};
/* End PBXProject section */

/* Begin PBXResourcesBuildPhase section */
		9372112F1DBCE5B600631436 /* Resources */ = {
			isa = PBXResourcesBuildPhase;
			buildActionMask = 2147483647;
			files = (
				937211441DBCE5B600631436 /* LaunchScreen.storyboard in Resources */,
				937211411DBCE5B600631436 /* Assets.xcassets in Resources */,
				9372113F1DBCE5B600631436 /* Main.storyboard in Resources */,
			);
			runOnlyForDeploymentPostprocessing = 0;
		};
/* End PBXResourcesBuildPhase section */

/* Begin PBXSourcesBuildPhase section */
		9372112D1DBCE5B600631436 /* Sources */ = {
			isa = PBXSourcesBuildPhase;
			buildActionMask = 2147483647;
			files = (
				9372113C1DBCE5B600631436 /* ViewController.m in Sources */,
				937211391DBCE5B600631436 /* AppDelegate.m in Sources */,
				937211361DBCE5B600631436 /* main.m in Sources */,
			);
			runOnlyForDeploymentPostprocessing = 0;
		};
/* End PBXSourcesBuildPhase section */

/* Begin PBXVariantGroup section */
		9372113D1DBCE5B600631436 /* Main.storyboard */ = {
			isa = PBXVariantGroup;
			children = (
				9372113E1DBCE5B600631436 /* Base */,
			);
			name = Main.storyboard;
			sourceTree = "<group>";
		};
		937211421DBCE5B600631436 /* LaunchScreen.storyboard */ = {
			isa = PBXVariantGroup;
			children = (
				937211431DBCE5B600631436 /* Base */,
			);
			name = LaunchScreen.storyboard;
			sourceTree = "<group>";
		};
/* End PBXVariantGroup section */

/* Begin XCBuildConfiguration section */
		937211461DBCE5B600631436 /* Debug */ = {
			isa = XCBuildConfiguration;
			buildSettings = {
				ALWAYS_SEARCH_USER_PATHS = NO;
				CLANG_ANALYZER_NONNULL = YES;
				CLANG_CXX_LANGUAGE_STANDARD = "gnu++0x";
				CLANG_CXX_LIBRARY = "libc++";
				CLANG_ENABLE_MODULES = YES;
				CLANG_ENABLE_OBJC_ARC = YES;
				CLANG_WARN_BOOL_CONVERSION = YES;
				CLANG_WARN_CONSTANT_CONVERSION = YES;
				CLANG_WARN_DIRECT_OBJC_ISA_USAGE = YES_ERROR;
				CLANG_WARN_DOCUMENTATION_COMMENTS = YES;
				CLANG_WARN_EMPTY_BODY = YES;
				CLANG_WARN_ENUM_CONVERSION = YES;
				CLANG_WARN_INFINITE_RECURSION = YES;
				CLANG_WARN_INT_CONVERSION = YES;
				CLANG_WARN_OBJC_ROOT_CLASS = YES_ERROR;
				CLANG_WARN_SUSPICIOUS_MOVES = YES;
				CLANG_WARN_UNREACHABLE_CODE = YES;
				CLANG_WARN__DUPLICATE_METHOD_MATCH = YES;
				"CODE_SIGN_IDENTITY[sdk=iphoneos*]" = "iPhone Developer";
				COPY_PHASE_STRIP = NO;
				DEBUG_INFORMATION_FORMAT = dwarf;
				ENABLE_STRICT_OBJC_MSGSEND = YES;
				ENABLE_TESTABILITY = YES;
				GCC_C_LANGUAGE_STANDARD = gnu99;
				GCC_DYNAMIC_NO_PIC = NO;
				GCC_NO_COMMON_BLOCKS = YES;
				GCC_OPTIMIZATION_LEVEL = 0;
				GCC_PREPROCESSOR_DEFINITIONS = (
					"DEBUG=1",
					"$(inherited)",
				);
				GCC_WARN_64_TO_32_BIT_CONVERSION = YES;
				GCC_WARN_ABOUT_RETURN_TYPE = YES_ERROR;
				GCC_WARN_UNDECLARED_SELECTOR = YES;
				GCC_WARN_UNINITIALIZED_AUTOS = YES_AGGRESSIVE;
				GCC_WARN_UNUSED_FUNCTION = YES;
				GCC_WARN_UNUSED_VARIABLE = YES;
				IPHONEOS_DEPLOYMENT_TARGET = 10.0;
				MTL_ENABLE_DEBUG_INFO = YES;
				ONLY_ACTIVE_ARCH = YES;
				SDKROOT = iphoneos;
				TARGETED_DEVICE_FAMILY = "1,2";
			};
			name = Debug;
		};
		937211471DBCE5B600631436 /* Release */ = {
			isa = XCBuildConfiguration;
			buildSettings = {
				ALWAYS_SEARCH_USER_PATHS = NO;
				CLANG_ANALYZER_NONNULL = YES;
				CLANG_CXX_LANGUAGE_STANDARD = "gnu++0x";
				CLANG_CXX_LIBRARY = "libc++";
				CLANG_ENABLE_MODULES = YES;
				CLANG_ENABLE_OBJC_ARC = YES;
				CLANG_WARN_BOOL_CONVERSION = YES;
				CLANG_WARN_CONSTANT_CONVERSION = YES;
				CLANG_WARN_DIRECT_OBJC_ISA_USAGE = YES_ERROR;
				CLANG_WARN_DOCUMENTATION_COMMENTS = YES;
				CLANG_WARN_EMPTY_BODY = YES;
				CLANG_WARN_ENUM_CONVERSION = YES;
				CLANG_WARN_INFINITE_RECURSION = YES;
				CLANG_WARN_INT_CONVERSION = YES;
				CLANG_WARN_OBJC_ROOT_CLASS = YES_ERROR;
				CLANG_WARN_SUSPICIOUS_MOVES = YES;
				CLANG_WARN_UNREACHABLE_CODE = YES;
				CLANG_WARN__DUPLICATE_METHOD_MATCH = YES;
				"CODE_SIGN_IDENTITY[sdk=iphoneos*]" = "iPhone Developer";
				COPY_PHASE_STRIP = NO;
				DEBUG_INFORMATION_FORMAT = "dwarf-with-dsym";
				ENABLE_NS_ASSERTIONS = NO;
				ENABLE_STRICT_OBJC_MSGSEND = YES;
				GCC_C_LANGUAGE_STANDARD = gnu99;
				GCC_NO_COMMON_BLOCKS = YES;
				GCC_WARN_64_TO_32_BIT_CONVERSION = YES;
				GCC_WARN_ABOUT_RETURN_TYPE = YES_ERROR;
				GCC_WARN_UNDECLARED_SELECTOR = YES;
				GCC_WARN_UNINITIALIZED_AUTOS = YES_AGGRESSIVE;
				GCC_WARN_UNUSED_FUNCTION = YES;
				GCC_WARN_UNUSED_VARIABLE = YES;
				IPHONEOS_DEPLOYMENT_TARGET = 10.0;
				MTL_ENABLE_DEBUG_INFO = NO;
				SDKROOT = iphoneos;
				TARGETED_DEVICE_FAMILY = "1,2";
				VALIDATE_PRODUCT = YES;
			};
			name = Release;
		};
		937211491DBCE5B600631436 /* Debug */ = {
			isa = XCBuildConfiguration;
			buildSettings = {
				ASSETCATALOG_COMPILER_APPICON_NAME = AppIcon;
				INFOPLIST_FILE = chongtu/Info.plist;
				LD_RUNPATH_SEARCH_PATHS = "$(inherited) @executable_path/Frameworks";
				PRODUCT_BUNDLE_IDENTIFIER = come.ru.chongtu;
				PRODUCT_NAME = "$(TARGET_NAME)";
			};
			name = Debug;
		};
		9372114A1DBCE5B600631436 /* Release */ = {
			isa = XCBuildConfiguration;
			buildSettings = {
				ASSETCATALOG_COMPILER_APPICON_NAME = AppIcon;
				INFOPLIST_FILE = chongtu/Info.plist;
				LD_RUNPATH_SEARCH_PATHS = "$(inherited) @executable_path/Frameworks";
				PRODUCT_BUNDLE_IDENTIFIER = come.ru.chongtu;
				PRODUCT_NAME = "$(TARGET_NAME)";
			};
			name = Release;
		};
/* End XCBuildConfiguration section */

/* Begin XCConfigurationList section */
		9372112C1DBCE5B600631436 /* Build configuration list for PBXProject "chongtu" */ = {
			isa = XCConfigurationList;
			buildConfigurations = (
				937211461DBCE5B600631436 /* Debug */,
				937211471DBCE5B600631436 /* Release */,
			);
			defaultConfigurationIsVisible = 0;
			defaultConfigurationName = Release;
		};
		937211481DBCE5B600631436 /* Build configuration list for PBXNativeTarget "chongtu" */ = {
			isa = XCConfigurationList;
			buildConfigurations = (
				937211491DBCE5B600631436 /* Debug */,
				9372114A1DBCE5B600631436 /* Release */,
			);
			defaultConfigurationIsVisible = 0;
			defaultConfigurationName = Release;
		};
/* End XCConfigurationList section */
	};
	rootObject = 937211291DBCE5B600631436 /* Project object */;
}
